
Microsoft Visual Studio Solution File, Format Version 12.00
# Visual Studio Version 17
VisualStudioVersion = 17.2.32516.85
MinimumVisualStudioVersion = 10.0.40219.1
Project("{FAE04EC0-301F-11D3-BF4B-00C04F79EFBC}") = "IntegrityService", "IntegrityService\IntegrityService.csproj", "{FBD1734D-675E-4AED-AB12-1A7DA731A99A}"
EndProject
Global
	GlobalSection(SolutionConfigurationPlatforms) = preSolution
		Debug|Any CPU = Debug|Any CPU
		Release|Any CPU = Release|Any CPU
	EndGlobalSection
	GlobalSection(ProjectConfigurationPlatforms) = postSolution
		{FBD1734D-675E-4AED-AB12-1A7DA731A99A}.Debug|Any CPU.ActiveCfg = Debug|Any CPU
		{FBD1734D-675E-4AED-AB12-1A7DA731A99A}.Debug|Any CPU.Build.0 = Debug|Any CPU
		{FBD1734D-675E-4AED-AB12-1A7DA731A99A}.Release|Any CPU.ActiveCfg = Release|Any CPU
		{FBD1734D-675E-4AED-AB12-1A7DA731A99A}.Release|Any CPU.Build.0 = Release|Any CPU
	EndGlobalSection
	GlobalSection(SolutionProperties) = preSolution
		HideSolutionNode = FALSE
	EndGlobalSection
	GlobalSection(ExtensibilityGlobals) = postSolution
		SolutionGuid = {5D4D3434-1879-449A-85B7-DB757580F737}
	EndGlobalSection
EndGlobal
